// !$*UTF8*$!
{
	archiveVersion = 1;
	classes = {
	};
	objectVersion = 56;
	objects = {

/* Begin PBXBuildFile section */
		F56A8F0A2BE9148C0006173E /* Big_TypeApp.swift in Sources */ = {isa = PBXBuildFile; fileRef = F56A8F092BE9148C0006173E /* Big_TypeApp.swift */; };
		F56A8F0C2BE9148C0006173E /* ContentView.swift in Sources */ = {isa = PBXBuildFile; fileRef = F56A8F0B2BE9148C0006173E /* ContentView.swift */; };
		F56A8F0E2BE9148D0006173E /* Assets.xcassets in Resources */ = {isa = PBXBuildFile; fileRef = F56A8F0D2BE9148D0006173E /* Assets.xcassets */; };
		F56A8F112BE9148D0006173E /* Preview Assets.xcassets in Resources */ = {isa = PBXBuildFile; fileRef = F56A8F102BE9148D0006173E /* Preview Assets.xcassets */; };
		F56A8F1C2BE9148D0006173E /* Big_TypeTests.swift in Sources */ = {isa = PBXBuildFile; fileRef = F56A8F1B2BE9148D0006173E /* Big_TypeTests.swift */; };
		F56A8F262BE9148D0006173E /* Big_TypeUITests.swift in Sources */ = {isa = PBXBuildFile; fileRef = F56A8F252BE9148D0006173E /* Big_TypeUITests.swift */; };
		F56A8F282BE9148D0006173E /* Big_TypeUITestsLaunchTests.swift in Sources */ = {isa = PBXBuildFile; fileRef = F56A8F272BE9148D0006173E /* Big_TypeUITestsLaunchTests.swift */; };
/* End PBXBuildFile section */

/* Begin PBXContainerItemProxy section */
		F56A8F182BE9148D0006173E /* PBXContainerItemProxy */ = {
			isa = PBXContainerItemProxy;
			containerPortal = F56A8EFE2BE9148C0006173E /* Project object */;
			proxyType = 1;
			remoteGlobalIDString = F56A8F052BE9148C0006173E;
			remoteInfo = "Big Type";
		};
		F56A8F222BE9148D0006173E /* PBXContainerItemProxy */ = {
			isa = PBXContainerItemProxy;
			containerPortal = F56A8EFE2BE9148C0006173E /* Project object */;
			proxyType = 1;
			remoteGlobalIDString = F56A8F052BE9148C0006173E;
			remoteInfo = "Big Type";
		};
/* End PBXContainerItemProxy section */

/* Begin PBXFileReference section */
		F56A8F062BE9148C0006173E /* Big Type.app */ = {isa = PBXFileReference; explicitFileType = wrapper.application; includeInIndex = 0; path = "Big Type.app"; sourceTree = BUILT_PRODUCTS_DIR; };
		F56A8F092BE9148C0006173E /* Big_TypeApp.swift */ = {isa = PBXFileReference; lastKnownFileType = sourcecode.swift; path = Big_TypeApp.swift; sourceTree = "<group>"; };
		F56A8F0B2BE9148C0006173E /* ContentView.swift */ = {isa = PBXFileReference; lastKnownFileType = sourcecode.swift; path = ContentView.swift; sourceTree = "<group>"; };
		F56A8F0D2BE9148D0006173E /* Assets.xcassets */ = {isa = PBXFileReference; lastKnownFileType = folder.assetcatalog; path = Assets.xcassets; sourceTree = "<group>"; };
		F56A8F102BE9148D0006173E /* Preview Assets.xcassets */ = {isa = PBXFileReference; lastKnownFileType = folder.assetcatalog; path = "Preview Assets.xcassets"; sourceTree = "<group>"; };
		F56A8F122BE9148D0006173E /* Big_Type.entitlements */ = {isa = PBXFileReference; lastKnownFileType = text.plist.entitlements; path = Big_Type.entitlements; sourceTree = "<group>"; };
		F56A8F172BE9148D0006173E /* Big TypeTests.xctest */ = {isa = PBXFileReference; explicitFileType = wrapper.cfbundle; includeInIndex = 0; path = "Big TypeTests.xctest"; sourceTree = BUILT_PRODUCTS_DIR; };
		F56A8F1B2BE9148D0006173E /* Big_TypeTests.swift */ = {isa = PBXFileReference; lastKnownFileType = sourcecode.swift; path = Big_TypeTests.swift; sourceTree = "<group>"; };
		F56A8F212BE9148D0006173E /* Big TypeUITests.xctest */ = {isa = PBXFileReference; explicitFileType = wrapper.cfbundle; includeInIndex = 0; path = "Big TypeUITests.xctest"; sourceTree = BUILT_PRODUCTS_DIR; };
		F56A8F252BE9148D0006173E /* Big_TypeUITests.swift */ = {isa = PBXFileReference; lastKnownFileType = sourcecode.swift; path = Big_TypeUITests.swift; sourceTree = "<group>"; };
		F56A8F272BE9148D0006173E /* Big_TypeUITestsLaunchTests.swift */ = {isa = PBXFileReference; lastKnownFileType = sourcecode.swift; path = Big_TypeUITestsLaunchTests.swift; sourceTree = "<group>"; };
/* End PBXFileReference section */

/* Begin PBXFrameworksBuildPhase section */
		F56A8F032BE9148C0006173E /* Frameworks */ = {
			isa = PBXFrameworksBuildPhase;
			buildActionMask = 2147483647;
			files = (
			);
			runOnlyForDeploymentPostprocessing = 0;
		};
		F56A8F142BE9148D0006173E /* Frameworks */ = {
			isa = PBXFrameworksBuildPhase;
			buildActionMask = 2147483647;
			files = (
			);
			runOnlyForDeploymentPostprocessing = 0;
		};
		F56A8F1E2BE9148D0006173E /* Frameworks */ = {
			isa = PBXFrameworksBuildPhase;
			buildActionMask = 2147483647;
			files = (
			);
			runOnlyForDeploymentPostprocessing = 0;
		};
/* End PBXFrameworksBuildPhase section */

/* Begin PBXGroup section */
		F56A8EFD2BE9148C0006173E = {
			isa = PBXGroup;
			children = (
				F56A8F082BE9148C0006173E /* Big Type */,
				F56A8F1A2BE9148D0006173E /* Big TypeTests */,
				F56A8F242BE9148D0006173E /* Big TypeUITests */,
				F56A8F072BE9148C0006173E /* Products */,
			);
			sourceTree = "<group>";
		};
		F56A8F072BE9148C0006173E /* Products */ = {
			isa = PBXGroup;
			children = (
				F56A8F062BE9148C0006173E /* Big Type.app */,
				F56A8F172BE9148D0006173E /* Big TypeTests.xctest */,
				F56A8F212BE9148D0006173E /* Big TypeUITests.xctest */,
			);
			name = Products;
			sourceTree = "<group>";
		};
		F56A8F082BE9148C0006173E /* Big Type */ = {
			isa = PBXGroup;
			children = (
				F56A8F092BE9148C0006173E /* Big_TypeApp.swift */,
				F56A8F0B2BE9148C0006173E /* ContentView.swift */,
				F56A8F0D2BE9148D0006173E /* Assets.xcassets */,
				F56A8F122BE9148D0006173E /* Big_Type.entitlements */,
				F56A8F0F2BE9148D0006173E /* Preview Content */,
			);
			path = "Big Type";
			sourceTree = "<group>";
		};
		F56A8F0F2BE9148D0006173E /* Preview Content */ = {
			isa = PBXGroup;
			children = (
				F56A8F102BE9148D0006173E /* Preview Assets.xcassets */,
			);
			path = "Preview Content";
			sourceTree = "<group>";
		};
		F56A8F1A2BE9148D0006173E /* Big TypeTests */ = {
			isa = PBXGroup;
			children = (
				F56A8F1B2BE9148D0006173E /* Big_TypeTests.swift */,
			);
			path = "Big TypeTests";
			sourceTree = "<group>";
		};
		F56A8F242BE9148D0006173E /* Big TypeUITests */ = {
			isa = PBXGroup;
			children = (
				F56A8F252BE9148D0006173E /* Big_TypeUITests.swift */,
				F56A8F272BE9148D0006173E /* Big_TypeUITestsLaunchTests.swift */,
			);
			path = "Big TypeUITests";
			sourceTree = "<group>";
		};
/* End PBXGroup section */

/* Begin PBXNativeTarget section */
		F56A8F052BE9148C0006173E /* Big Type */ = {
			isa = PBXNativeTarget;
			buildConfigurationList = F56A8F2B2BE9148D0006173E /* Build configuration list for PBXNativeTarget "Big Type" */;
			buildPhases = (
				F56A8F022BE9148C0006173E /* Sources */,
				F56A8F032BE9148C0006173E /* Frameworks */,
				F56A8F042BE9148C0006173E /* Resources */,
			);
			buildRules = (
			);
			dependencies = (
			);
			name = "Big Type";
			productName = "Big Type";
			productReference = F56A8F062BE9148C0006173E /* Big Type.app */;
			productType = "com.apple.product-type.application";
		};
		F56A8F162BE9148D0006173E /* Big TypeTests */ = {
			isa = PBXNativeTarget;
			buildConfigurationList = F56A8F2E2BE9148D0006173E /* Build configuration list for PBXNativeTarget "Big TypeTests" */;
			buildPhases = (
				F56A8F132BE9148D0006173E /* Sources */,
				F56A8F142BE9148D0006173E /* Frameworks */,
				F56A8F152BE9148D0006173E /* Resources */,
			);
			buildRules = (
			);
			dependencies = (
				F56A8F192BE9148D0006173E /* PBXTargetDependency */,
			);
			name = "Big TypeTests";
			productName = "Big TypeTests";
			productReference = F56A8F172BE9148D0006173E /* Big TypeTests.xctest */;
			productType = "com.apple.product-type.bundle.unit-test";
		};
		F56A8F202BE9148D0006173E /* Big TypeUITests */ = {
			isa = PBXNativeTarget;
			buildConfigurationList = F56A8F312BE9148D0006173E /* Build configuration list for PBXNativeTarget "Big TypeUITests" */;
			buildPhases = (
				F56A8F1D2BE9148D0006173E /* Sources */,
				F56A8F1E2BE9148D0006173E /* Frameworks */,
				F56A8F1F2BE9148D0006173E /* Resources */,
			);
			buildRules = (
			);
			dependencies = (
				F56A8F232BE9148D0006173E /* PBXTargetDependency */,
			);
			name = "Big TypeUITests";
			productName = "Big TypeUITests";
			productReference = F56A8F212BE9148D0006173E /* Big TypeUITests.xctest */;
			productType = "com.apple.product-type.bundle.ui-testing";
		};
/* End PBXNativeTarget section */

/* Begin PBXProject section */
		F56A8EFE2BE9148C0006173E /* Project object */ = {
			isa = PBXProject;
			attributes = {
				BuildIndependentTargetsInParallel = 1;
				LastSwiftUpdateCheck = 1530;
				LastUpgradeCheck = 1540;
				TargetAttributes = {
					F56A8F052BE9148C0006173E = {
						CreatedOnToolsVersion = 15.3;
					};
					F56A8F162BE9148D0006173E = {
						CreatedOnToolsVersion = 15.3;
						TestTargetID = F56A8F052BE9148C0006173E;
					};
					F56A8F202BE9148D0006173E = {
						CreatedOnToolsVersion = 15.3;
						TestTargetID = F56A8F052BE9148C0006173E;
					};
				};
			};
			buildConfigurationList = F56A8F012BE9148C0006173E /* Build configuration list for PBXProject "Big Type" */;
			compatibilityVersion = "Xcode 14.0";
			developmentRegion = en;
			hasScannedForEncodings = 0;
			knownRegions = (
				en,
				Base,
			);
			mainGroup = F56A8EFD2BE9148C0006173E;
			productRefGroup = F56A8F072BE9148C0006173E /* Products */;
			projectDirPath = "";
			projectRoot = "";
			targets = (
				F56A8F052BE9148C0006173E /* Big Type */,
				F56A8F162BE9148D0006173E /* Big TypeTests */,
				F56A8F202BE9148D0006173E /* Big TypeUITests */,
			);
		};
/* End PBXProject section */

/* Begin PBXResourcesBuildPhase section */
		F56A8F042BE9148C0006173E /* Resources */ = {
			isa = PBXResourcesBuildPhase;
			buildActionMask = 2147483647;
			files = (
				F56A8F112BE9148D0006173E /* Preview Assets.xcassets in Resources */,
				F56A8F0E2BE9148D0006173E /* Assets.xcassets in Resources */,
			);
			runOnlyForDeploymentPostprocessing = 0;
		};
		F56A8F152BE9148D0006173E /* Resources */ = {
			isa = PBXResourcesBuildPhase;
			buildActionMask = 2147483647;
			files = (
			);
			runOnlyForDeploymentPostprocessing = 0;
		};
		F56A8F1F2BE9148D0006173E /* Resources */ = {
			isa = PBXResourcesBuildPhase;
			buildActionMask = 2147483647;
			files = (
			);
			runOnlyForDeploymentPostprocessing = 0;
		};
/* End PBXResourcesBuildPhase section */

/* Begin PBXSourcesBuildPhase section */
		F56A8F022BE9148C0006173E /* Sources */ = {
			isa = PBXSourcesBuildPhase;
			buildActionMask = 2147483647;
			files = (
				F56A8F0C2BE9148C0006173E /* ContentView.swift in Sources */,
				F56A8F0A2BE9148C0006173E /* Big_TypeApp.swift in Sources */,
			);
			runOnlyForDeploymentPostprocessing = 0;
		};
		F56A8F132BE9148D0006173E /* Sources */ = {
			isa = PBXSourcesBuildPhase;
			buildActionMask = 2147483647;
			files = (
				F56A8F1C2BE9148D0006173E /* Big_TypeTests.swift in Sources */,
			);
			runOnlyForDeploymentPostprocessing = 0;
		};
		F56A8F1D2BE9148D0006173E /* Sources */ = {
			isa = PBXSourcesBuildPhase;
			buildActionMask = 2147483647;
			files = (
				F56A8F282BE9148D0006173E /* Big_TypeUITestsLaunchTests.swift in Sources */,
				F56A8F262BE9148D0006173E /* Big_TypeUITests.swift in Sources */,
			);
			runOnlyForDeploymentPostprocessing = 0;
		};
/* End PBXSourcesBuildPhase section */

/* Begin PBXTargetDependency section */
		F56A8F192BE9148D0006173E /* PBXTargetDependency */ = {
			isa = PBXTargetDependency;
			target = F56A8F052BE9148C0006173E /* Big Type */;
			targetProxy = F56A8F182BE9148D0006173E /* PBXContainerItemProxy */;
		};
		F56A8F232BE9148D0006173E /* PBXTargetDependency */ = {
			isa = PBXTargetDependency;
			target = F56A8F052BE9148C0006173E /* Big Type */;
			targetProxy = F56A8F222BE9148D0006173E /* PBXContainerItemProxy */;
		};
/* End PBXTargetDependency section */

/* Begin XCBuildConfiguration section */
		F56A8F292BE9148D0006173E /* Debug */ = {
			isa = XCBuildConfiguration;
			buildSettings = {
				ALWAYS_SEARCH_USER_PATHS = NO;
				ASSETCATALOG_COMPILER_GENERATE_SWIFT_ASSET_SYMBOL_EXTENSIONS = YES;
				CLANG_ANALYZER_NONNULL = YES;
				CLANG_ANALYZER_NUMBER_OBJECT_CONVERSION = YES_AGGRESSIVE;
				CLANG_CXX_LANGUAGE_STANDARD = "gnu++20";
				CLANG_ENABLE_MODULES = YES;
				CLANG_ENABLE_OBJC_ARC = YES;
				CLANG_ENABLE_OBJC_WEAK = YES;
				CLANG_WARN_BLOCK_CAPTURE_AUTORELEASING = YES;
				CLANG_WARN_BOOL_CONVERSION = YES;
				CLANG_WARN_COMMA = YES;
				CLANG_WARN_CONSTANT_CONVERSION = YES;
				CLANG_WARN_DEPRECATED_OBJC_IMPLEMENTATIONS = YES;
				CLANG_WARN_DIRECT_OBJC_ISA_USAGE = YES_ERROR;
				CLANG_WARN_DOCUMENTATION_COMMENTS = YES;
				CLANG_WARN_EMPTY_BODY = YES;
				CLANG_WARN_ENUM_CONVERSION = YES;
				CLANG_WARN_INFINITE_RECURSION = YES;
				CLANG_WARN_INT_CONVERSION = YES;
				CLANG_WARN_NON_LITERAL_NULL_CONVERSION = YES;
				CLANG_WARN_OBJC_IMPLICIT_RETAIN_SELF = YES;
				CLANG_WARN_OBJC_LITERAL_CONVERSION = YES;
				CLANG_WARN_OBJC_ROOT_CLASS = YES_ERROR;
				CLANG_WARN_QUOTED_INCLUDE_IN_FRAMEWORK_HEADER = YES;
				CLANG_WARN_RANGE_LOOP_ANALYSIS = YES;
				CLANG_WARN_STRICT_PROTOTYPES = YES;
				CLANG_WARN_SUSPICIOUS_MOVE = YES;
				CLANG_WARN_UNGUARDED_AVAILABILITY = YES_AGGRESSIVE;
				CLANG_WARN_UNREACHABLE_CODE = YES;
				CLANG_WARN__DUPLICATE_METHOD_MATCH = YES;
				COPY_PHASE_STRIP = NO;
				DEAD_CODE_STRIPPING = YES;
				DEBUG_INFORMATION_FORMAT = dwarf;
				ENABLE_STRICT_OBJC_MSGSEND = YES;
				ENABLE_TESTABILITY = YES;
				ENABLE_USER_SCRIPT_SANDBOXING = YES;
				GCC_C_LANGUAGE_STANDARD = gnu17;
				GCC_DYNAMIC_NO_PIC = NO;
				GCC_NO_COMMON_BLOCKS = YES;
				GCC_OPTIMIZATION_LEVEL = 0;
				GCC_PREPROCESSOR_DEFINITIONS = (
					"DEBUG=1",
					"$(inherited)",
				);
				GCC_WARN_64_TO_32_BIT_CONVERSION = YES;
				GCC_WARN_ABOUT_RETURN_TYPE = YES_ERROR;
				GCC_WARN_UNDECLARED_SELECTOR = YES;
				GCC_WARN_UNINITIALIZED_AUTOS = YES_AGGRESSIVE;
				GCC_WARN_UNUSED_FUNCTION = YES;
				GCC_WARN_UNUSED_VARIABLE = YES;
				LOCALIZATION_PREFERS_STRING_CATALOGS = YES;
				MACOSX_DEPLOYMENT_TARGET = 14.4;
				MTL_ENABLE_DEBUG_INFO = INCLUDE_SOURCE;
				MTL_FAST_MATH = YES;
				ONLY_ACTIVE_ARCH = YES;
				SDKROOT = macosx;
				SWIFT_ACTIVE_COMPILATION_CONDITIONS = "DEBUG $(inherited)";
				SWIFT_OPTIMIZATION_LEVEL = "-Onone";
			};
			name = Debug;
		};
		F56A8F2A2BE9148D0006173E /* Release */ = {
			isa = XCBuildConfiguration;
			buildSettings = {
				ALWAYS_SEARCH_USER_PATHS = NO;
				ASSETCATALOG_COMPILER_GENERATE_SWIFT_ASSET_SYMBOL_EXTENSIONS = YES;
				CLANG_ANALYZER_NONNULL = YES;
				CLANG_ANALYZER_NUMBER_OBJECT_CONVERSION = YES_AGGRESSIVE;
				CLANG_CXX_LANGUAGE_STANDARD = "gnu++20";
				CLANG_ENABLE_MODULES = YES;
				CLANG_ENABLE_OBJC_ARC = YES;
				CLANG_ENABLE_OBJC_WEAK = YES;
				CLANG_WARN_BLOCK_CAPTURE_AUTORELEASING = YES;
				CLANG_WARN_BOOL_CONVERSION = YES;
				CLANG_WARN_COMMA = YES;
				CLANG_WARN_CONSTANT_CONVERSION = YES;
				CLANG_WARN_DEPRECATED_OBJC_IMPLEMENTATIONS = YES;
				CLANG_WARN_DIRECT_OBJC_ISA_USAGE = YES_ERROR;
				CLANG_WARN_DOCUMENTATION_COMMENTS = YES;
				CLANG_WARN_EMPTY_BODY = YES;
				CLANG_WARN_ENUM_CONVERSION = YES;
				CLANG_WARN_INFINITE_RECURSION = YES;
				CLANG_WARN_INT_CONVERSION = YES;
				CLANG_WARN_NON_LITERAL_NULL_CONVERSION = YES;
				CLANG_WARN_OBJC_IMPLICIT_RETAIN_SELF = YES;
				CLANG_WARN_OBJC_LITERAL_CONVERSION = YES;
				CLANG_WARN_OBJC_ROOT_CLASS = YES_ERROR;
				CLANG_WARN_QUOTED_INCLUDE_IN_FRAMEWORK_HEADER = YES;
				CLANG_WARN_RANGE_LOOP_ANALYSIS = YES;
				CLANG_WARN_STRICT_PROTOTYPES = YES;
				CLANG_WARN_SUSPICIOUS_MOVE = YES;
				CLANG_WARN_UNGUARDED_AVAILABILITY = YES_AGGRESSIVE;
				CLANG_WARN_UNREACHABLE_CODE = YES;
				CLANG_WARN__DUPLICATE_METHOD_MATCH = YES;
				COPY_PHASE_STRIP = NO;
				DEAD_CODE_STRIPPING = YES;
				DEBUG_INFORMATION_FORMAT = "dwarf-with-dsym";
				ENABLE_NS_ASSERTIONS = NO;
				ENABLE_STRICT_OBJC_MSGSEND = YES;
				ENABLE_USER_SCRIPT_SANDBOXING = YES;
				GCC_C_LANGUAGE_STANDARD = gnu17;
				GCC_NO_COMMON_BLOCKS = YES;
				GCC_WARN_64_TO_32_BIT_CONVERSION = YES;
				GCC_WARN_ABOUT_RETURN_TYPE = YES_ERROR;
				GCC_WARN_UNDECLARED_SELECTOR = YES;
				GCC_WARN_UNINITIALIZED_AUTOS = YES_AGGRESSIVE;
				GCC_WARN_UNUSED_FUNCTION = YES;
				GCC_WARN_UNUSED_VARIABLE = YES;
				LOCALIZATION_PREFERS_STRING_CATALOGS = YES;
				MACOSX_DEPLOYMENT_TARGET = 14.4;
				MTL_ENABLE_DEBUG_INFO = NO;
				MTL_FAST_MATH = YES;
				SDKROOT = macosx;
				SWIFT_COMPILATION_MODE = wholemodule;
			};
			name = Release;
		};
		F56A8F2C2BE9148D0006173E /* Debug */ = {
			isa = XCBuildConfiguration;
			buildSettings = {
				ASSETCATALOG_COMPILER_APPICON_NAME = "AppIcon 2";
				ASSETCATALOG_COMPILER_GLOBAL_ACCENT_COLOR_NAME = AccentColor;
				CODE_SIGN_ENTITLEMENTS = "Big Type/Big_Type.entitlements";
				CODE_SIGN_STYLE = Automatic;
				COMBINE_HIDPI_IMAGES = YES;
				CURRENT_PROJECT_VERSION = 1;
				DEAD_CODE_STRIPPING = YES;
				DEVELOPMENT_ASSET_PATHS = "\"Big Type/Preview Content\"";
				DEVELOPMENT_TEAM = 6A4BFF7L6H;
				ENABLE_HARDENED_RUNTIME = YES;
				ENABLE_PREVIEWS = YES;
				GENERATE_INFOPLIST_FILE = YES;
				INFOPLIST_KEY_NSHumanReadableCopyright = "";
				LD_RUNPATH_SEARCH_PATHS = (
					"$(inherited)",
					"@executable_path/../Frameworks",
				);
				MARKETING_VERSION = 1.0;
				PRODUCT_BUNDLE_IDENTIFIER = "timonschramm.Big-Type";
				PRODUCT_NAME = "$(TARGET_NAME)";
				SWIFT_EMIT_LOC_STRINGS = YES;
				SWIFT_VERSION = 5.0;
			};
			name = Debug;
		};
		F56A8F2D2BE9148D0006173E /* Release */ = {
			isa = XCBuildConfiguration;
			buildSettings = {
				ASSETCATALOG_COMPILER_APPICON_NAME = "AppIcon 2";
				ASSETCATALOG_COMPILER_GLOBAL_ACCENT_COLOR_NAME = AccentColor;
				CODE_SIGN_ENTITLEMENTS = "Big Type/Big_Type.entitlements";
				CODE_SIGN_STYLE = Automatic;
				COMBINE_HIDPI_IMAGES = YES;
				CURRENT_PROJECT_VERSION = 1;
				DEAD_CODE_STRIPPING = YES;
				DEVELOPMENT_ASSET_PATHS = "\"Big Type/Preview Content\"";
				DEVELOPMENT_TEAM = 6A4BFF7L6H;
				ENABLE_HARDENED_RUNTIME = YES;
				ENABLE_PREVIEWS = YES;
				GENERATE_INFOPLIST_FILE = YES;
				INFOPLIST_KEY_NSHumanReadableCopyright = "";
				LD_RUNPATH_SEARCH_PATHS = (
					"$(inherited)",
					"@executable_path/../Frameworks",
				);
				MARKETING_VERSION = 1.0;
				PRODUCT_BUNDLE_IDENTIFIER = "timonschramm.Big-Type";
				PRODUCT_NAME = "$(TARGET_NAME)";
				SWIFT_EMIT_LOC_STRINGS = YES;
				SWIFT_VERSION = 5.0;
			};
			name = Release;
		};
		F56A8F2F2BE9148D0006173E /* Debug */ = {
			isa = XCBuildConfiguration;
			buildSettings = {
				ALWAYS_EMBED_SWIFT_STANDARD_LIBRARIES = YES;
				BUNDLE_LOADER = "$(TEST_HOST)";
				CODE_SIGN_STYLE = Automatic;
				CURRENT_PROJECT_VERSION = 1;
				DEAD_CODE_STRIPPING = YES;
				DEVELOPMENT_TEAM = 6A4BFF7L6H;
				GENERATE_INFOPLIST_FILE = YES;
				MACOSX_DEPLOYMENT_TARGET = 14.4;
				MARKETING_VERSION = 1.0;
				PRODUCT_BUNDLE_IDENTIFIER = "timonschramm.Big-TypeTests";
				PRODUCT_NAME = "$(TARGET_NAME)";
				SWIFT_EMIT_LOC_STRINGS = NO;
				SWIFT_VERSION = 5.0;
				TEST_HOST = "$(BUILT_PRODUCTS_DIR)/Big Type.app/$(BUNDLE_EXECUTABLE_FOLDER_PATH)/Big Type";
			};
			name = Debug;
		};
		F56A8F302BE9148D0006173E /* Release */ = {
			isa = XCBuildConfiguration;
			buildSettings = {
				ALWAYS_EMBED_SWIFT_STANDARD_LIBRARIES = YES;
				BUNDLE_LOADER = "$(TEST_HOST)";
				CODE_SIGN_STYLE = Automatic;
				CURRENT_PROJECT_VERSION = 1;
				DEAD_CODE_STRIPPING = YES;
				DEVELOPMENT_TEAM = 6A4BFF7L6H;
				GENERATE_INFOPLIST_FILE = YES;
				MACOSX_DEPLOYMENT_TARGET = 14.4;
				MARKETING_VERSION = 1.0;
				PRODUCT_BUNDLE_IDENTIFIER = "timonschramm.Big-TypeTests";
				PRODUCT_NAME = "$(TARGET_NAME)";
				SWIFT_EMIT_LOC_STRINGS = NO;
				SWIFT_VERSION = 5.0;
				TEST_HOST = "$(BUILT_PRODUCTS_DIR)/Big Type.app/$(BUNDLE_EXECUTABLE_FOLDER_PATH)/Big Type";
			};
			name = Release;
		};
		F56A8F322BE9148D0006173E /* Debug */ = {
			isa = XCBuildConfiguration;
			buildSettings = {
				ALWAYS_EMBED_SWIFT_STANDARD_LIBRARIES = YES;
				CODE_SIGN_STYLE = Automatic;
				CURRENT_PROJECT_VERSION = 1;
				DEAD_CODE_STRIPPING = YES;
				DEVELOPMENT_TEAM = 6A4BFF7L6H;
				GENERATE_INFOPLIST_FILE = YES;
				MARKETING_VERSION = 1.0;
				PRODUCT_BUNDLE_IDENTIFIER = "timonschramm.Big-TypeUITests";
				PRODUCT_NAME = "$(TARGET_NAME)";
				SWIFT_EMIT_LOC_STRINGS = NO;
				SWIFT_VERSION = 5.0;
				TEST_TARGET_NAME = "Big Type";
			};
			name = Debug;
		};
		F56A8F332BE9148D0006173E /* Release */ = {
			isa = XCBuildConfiguration;
			buildSettings = {
				ALWAYS_EMBED_SWIFT_STANDARD_LIBRARIES = YES;
				CODE_SIGN_STYLE = Automatic;
				CURRENT_PROJECT_VERSION = 1;
				DEAD_CODE_STRIPPING = YES;
				DEVELOPMENT_TEAM = 6A4BFF7L6H;
				GENERATE_INFOPLIST_FILE = YES;
				MARKETING_VERSION = 1.0;
				PRODUCT_BUNDLE_IDENTIFIER = "timonschramm.Big-TypeUITests";
				PRODUCT_NAME = "$(TARGET_NAME)";
				SWIFT_EMIT_LOC_STRINGS = NO;
				SWIFT_VERSION = 5.0;
				TEST_TARGET_NAME = "Big Type";
			};
			name = Release;
		};
/* End XCBuildConfiguration section */

/* Begin XCConfigurationList section */
		F56A8F012BE9148C0006173E /* Build configuration list for PBXProject "Big Type" */ = {
			isa = XCConfigurationList;
			buildConfigurations = (
				F56A8F292BE9148D0006173E /* Debug */,
				F56A8F2A2BE9148D0006173E /* Release */,
			);
			defaultConfigurationIsVisible = 0;
			defaultConfigurationName = Release;
		};
		F56A8F2B2BE9148D0006173E /* Build configuration list for PBXNativeTarget "Big Type" */ = {
			isa = XCConfigurationList;
			buildConfigurations = (
				F56A8F2C2BE9148D0006173E /* Debug */,
				F56A8F2D2BE9148D0006173E /* Release */,
			);
			defaultConfigurationIsVisible = 0;
			defaultConfigurationName = Release;
		};
		F56A8F2E2BE9148D0006173E /* Build configuration list for PBXNativeTarget "Big TypeTests" */ = {
			isa = XCConfigurationList;
			buildConfigurations = (
				F56A8F2F2BE9148D0006173E /* Debug */,
				F56A8F302BE9148D0006173E /* Release */,
			);
			defaultConfigurationIsVisible = 0;
			defaultConfigurationName = Release;
		};
		F56A8F312BE9148D0006173E /* Build configuration list for PBXNativeTarget "Big TypeUITests" */ = {
			isa = XCConfigurationList;
			buildConfigurations = (
				F56A8F322BE9148D0006173E /* Debug */,
				F56A8F332BE9148D0006173E /* Release */,
			);
			defaultConfigurationIsVisible = 0;
			defaultConfigurationName = Release;
		};
/* End XCConfigurationList section */
	};
	rootObject = F56A8EFE2BE9148C0006173E /* Project object */;
}
